
Microsoft Visual Studio Solution File, Format Version 12.00
# Visual Studio 2013
VisualStudioVersion = 12.0.21005.1
MinimumVisualStudioVersion = 10.0.40219.1
Project("{2150E333-8FDC-42A3-9474-1A3956D46DE8}") = "BLL", "BLL", "{37C9F244-D15E-45E9-9B37-AB20E2E707C4}"
EndProject
Project("{2150E333-8FDC-42A3-9474-1A3956D46DE8}") = "DAL", "DAL", "{DF400D58-B813-45C0-A1EF-118F41EE5B0F}"
EndProject
Project("{2150E333-8FDC-42A3-9474-1A3956D46DE8}") = "Entity", "Entity", "{2EE13E44-12D4-4A37-B009-8A250BDD1145}"
EndProject
Project("{2150E333-8FDC-42A3-9474-1A3956D46DE8}") = "Common", "Common", "{7B605F15-0E39-42CC-919A-B462B521F6A4}"
EndProject
Project("{2150E333-8FDC-42A3-9474-1A3956D46DE8}") = "WebUI", "WebUI", "{7883F6C9-3653-4828-BCC3-4CC0E0A75379}"
EndProject
Project("{FAE04EC0-301F-11D3-BF4B-00C04F79EFBC}") = "AchieveBLL", "BLL\AchieveBLL\AchieveBLL.csproj", "{3C8AC92E-5F7F-4474-8C3E-D2A5D2ABB534}"
EndProject
Project("{FAE04EC0-301F-11D3-BF4B-00C04F79EFBC}") = "AchieveCommon", "Common\AchieveCommon\AchieveCommon.csproj", "{A0AE0655-A23E-4BEE-B148-25F6D32C5C89}"
EndProject
Project("{FAE04EC0-301F-11D3-BF4B-00C04F79EFBC}") = "AchieveDAL", "DAL\AchieveDAL\AchieveDAL.csproj", "{D5791962-E620-41D1-970C-D7DD8816CABE}"
EndProject
Project("{FAE04EC0-301F-11D3-BF4B-00C04F79EFBC}") = "AchieveDALFactory", "DAL\AchieveDALFactory\AchieveDALFactory.csproj", "{30B1C095-D6A6-4D21-8EAB-E77044C1FB95}"
EndProject
Project("{FAE04EC0-301F-11D3-BF4B-00C04F79EFBC}") = "AchieveInterfaceDAL", "DAL\AchieveInterfaceDAL\AchieveInterfaceDAL.csproj", "{1535AD00-9CFF-4CE2-9FDB-48AB25ADFB65}"
EndProject
Project("{FAE04EC0-301F-11D3-BF4B-00C04F79EFBC}") = "AchieveEntity", "Entity\AchieveEntity\AchieveEntity.csproj", "{645E4991-17CB-4C86-8B76-44F7F717BD05}"
EndProject
Project("{FAE04EC0-301F-11D3-BF4B-00C04F79EFBC}") = "AchieveManageWeb", "WebUI\AchieveManageWeb\AchieveManageWeb.csproj", "{DA7E2466-4AF5-4DB7-BE78-D97076AA165A}"
EndProject
Global
	GlobalSection(SolutionConfigurationPlatforms) = preSolution
		Debug|Any CPU = Debug|Any CPU
		Release|Any CPU = Release|Any CPU
	EndGlobalSection
	GlobalSection(ProjectConfigurationPlatforms) = postSolution
		{3C8AC92E-5F7F-4474-8C3E-D2A5D2ABB534}.Debug|Any CPU.ActiveCfg = Debug|Any CPU
		{3C8AC92E-5F7F-4474-8C3E-D2A5D2ABB534}.Debug|Any CPU.Build.0 = Debug|Any CPU
		{3C8AC92E-5F7F-4474-8C3E-D2A5D2ABB534}.Release|Any CPU.ActiveCfg = Release|Any CPU
		{3C8AC92E-5F7F-4474-8C3E-D2A5D2ABB534}.Release|Any CPU.Build.0 = Release|Any CPU
		{A0AE0655-A23E-4BEE-B148-25F6D32C5C89}.Debug|Any CPU.ActiveCfg = Debug|Any CPU
		{A0AE0655-A23E-4BEE-B148-25F6D32C5C89}.Debug|Any CPU.Build.0 = Debug|Any CPU
		{A0AE0655-A23E-4BEE-B148-25F6D32C5C89}.Release|Any CPU.ActiveCfg = Release|Any CPU
		{A0AE0655-A23E-4BEE-B148-25F6D32C5C89}.Release|Any CPU.Build.0 = Release|Any CPU
		{D5791962-E620-41D1-970C-D7DD8816CABE}.Debug|Any CPU.ActiveCfg = Debug|Any CPU
		{D5791962-E620-41D1-970C-D7DD8816CABE}.Debug|Any CPU.Build.0 = Debug|Any CPU
		{D5791962-E620-41D1-970C-D7DD8816CABE}.Release|Any CPU.ActiveCfg = Release|Any CPU
		{D5791962-E620-41D1-970C-D7DD8816CABE}.Release|Any CPU.Build.0 = Release|Any CPU
		{30B1C095-D6A6-4D21-8EAB-E77044C1FB95}.Debug|Any CPU.ActiveCfg = Debug|Any CPU
		{30B1C095-D6A6-4D21-8EAB-E77044C1FB95}.Debug|Any CPU.Build.0 = Debug|Any CPU
		{30B1C095-D6A6-4D21-8EAB-E77044C1FB95}.Release|Any CPU.ActiveCfg = Release|Any CPU
		{30B1C095-D6A6-4D21-8EAB-E77044C1FB95}.Release|Any CPU.Build.0 = Release|Any CPU
		{1535AD00-9CFF-4CE2-9FDB-48AB25ADFB65}.Debug|Any CPU.ActiveCfg = Debug|Any CPU
		{1535AD00-9CFF-4CE2-9FDB-48AB25ADFB65}.Debug|Any CPU.Build.0 = Debug|Any CPU
		{1535AD00-9CFF-4CE2-9FDB-48AB25ADFB65}.Release|Any CPU.ActiveCfg = Release|Any CPU
		{1535AD00-9CFF-4CE2-9FDB-48AB25ADFB65}.Release|Any CPU.Build.0 = Release|Any CPU
		{645E4991-17CB-4C86-8B76-44F7F717BD05}.Debug|Any CPU.ActiveCfg = Debug|Any CPU
		{645E4991-17CB-4C86-8B76-44F7F717BD05}.Debug|Any CPU.Build.0 = Debug|Any CPU
		{645E4991-17CB-4C86-8B76-44F7F717BD05}.Release|Any CPU.ActiveCfg = Release|Any CPU
		{645E4991-17CB-4C86-8B76-44F7F717BD05}.Release|Any CPU.Build.0 = Release|Any CPU
		{DA7E2466-4AF5-4DB7-BE78-D97076AA165A}.Debug|Any CPU.ActiveCfg = Debug|Any CPU
		{DA7E2466-4AF5-4DB7-BE78-D97076AA165A}.Debug|Any CPU.Build.0 = Debug|Any CPU
		{DA7E2466-4AF5-4DB7-BE78-D97076AA165A}.Release|Any CPU.ActiveCfg = Release|Any CPU
		{DA7E2466-4AF5-4DB7-BE78-D97076AA165A}.Release|Any CPU.Build.0 = Release|Any CPU
	EndGlobalSection
	GlobalSection(SolutionProperties) = preSolution
		HideSolutionNode = FALSE
	EndGlobalSection
	GlobalSection(NestedProjects) = preSolution
		{3C8AC92E-5F7F-4474-8C3E-D2A5D2ABB534} = {37C9F244-D15E-45E9-9B37-AB20E2E707C4}
		{645E4991-17CB-4C86-8B76-44F7F717BD05} = {2EE13E44-12D4-4A37-B009-8A250BDD1145}
		{D5791962-E620-41D1-970C-D7DD8816CABE} = {DF400D58-B813-45C0-A1EF-118F41EE5B0F}
		{30B1C095-D6A6-4D21-8EAB-E77044C1FB95} = {DF400D58-B813-45C0-A1EF-118F41EE5B0F}
		{1535AD00-9CFF-4CE2-9FDB-48AB25ADFB65} = {DF400D58-B813-45C0-A1EF-118F41EE5B0F}
		{A0AE0655-A23E-4BEE-B148-25F6D32C5C89} = {7B605F15-0E39-42CC-919A-B462B521F6A4}
		{DA7E2466-4AF5-4DB7-BE78-D97076AA165A} = {7883F6C9-3653-4828-BCC3-4CC0E0A75379}
	EndGlobalSection
EndGlobal
